{
  "requires": true,
  "lockfileVersion": 1,
  "dependencies": {
    "@polymer/iron-ajax": {
      "version": "3.0.0",
      "resolved": "https://registry.npmjs.org/@polymer/iron-ajax/-/iron-ajax-3.0.0.tgz",
      "integrity": "sha512-eqRAXwut1MJ4K7ljjTqnh5fGeUN2uX12ljEizZdAYrZ3cmPTP42RzfVIrm6o7RYD3jSUJva8nVwQvKrdheXiXA==",
      "requires": {
        "@polymer/polymer": "^3.0.0"
      }
    },
    "@polymer/polymer": {
      "version": "3.5.1",
      "resolved": "https://registry.npmjs.org/@polymer/polymer/-/polymer-3.5.1.tgz",
      "integrity": "sha512-JlAHuy+1qIC6hL1ojEUfIVD58fzTpJAoCxFwV5yr0mYTXV1H8bz5zy0+rC963Cgr9iNXQ4T9ncSjC2fkF9BQfw==",
      "requires": {
        "@webcomponents/shadycss": "^1.9.1"
      }
    },
    "@webcomponents/shadycss": {
      "version": "1.11.1",
      "resolved": "https://registry.npmjs.org/@webcomponents/shadycss/-/shadycss-1.11.1.tgz",
      "integrity": "sha512-qSok/oMynEgS99wFY5fKT6cR1y64i01RkHGYOspkh2JQsLSM8pjciER+gu3fqTx589y/7LoSuyB5G9Rh7dyXaQ=="
    }
  }
}
